
Microsoft Visual Studio Solution File, Format Version 12.00
# Visual Studio Version 16
VisualStudioVersion = 16.0.29215.179
MinimumVisualStudioVersion = 10.0.40219.1
Project("{FAE04EC0-301F-11D3-BF4B-00C04F79EFBC}") = "Operatorok", "Operatorok.csproj", "{0FC4B56E-7788-4802-BB78-E5A654B5DB17}"
EndProject
Global
	GlobalSection(SolutionConfigurationPlatforms) = preSolution
		Debug|Any CPU = Debug|Any CPU
		Release|Any CPU = Release|Any CPU
	EndGlobalSection
	GlobalSection(ProjectConfigurationPlatforms) = postSolution
		{0FC4B56E-7788-4802-BB78-E5A654B5DB17}.Debug|Any CPU.ActiveCfg = Debug|Any CPU
		{0FC4B56E-7788-4802-BB78-E5A654B5DB17}.Debug|Any CPU.Build.0 = Debug|Any CPU
		{0FC4B56E-7788-4802-BB78-E5A654B5DB17}.Release|Any CPU.ActiveCfg = Release|Any CPU
		{0FC4B56E-7788-4802-BB78-E5A654B5DB17}.Release|Any CPU.Build.0 = Release|Any CPU
	EndGlobalSection
	GlobalSection(SolutionProperties) = preSolution
		HideSolutionNode = FALSE
	EndGlobalSection
	GlobalSection(ExtensibilityGlobals) = postSolution
		SolutionGuid = {4E3BB09B-BE87-454F-B42C-BEACC6202456}
	EndGlobalSection
EndGlobal
